
Microsoft Visual Studio Solution File, Format Version 12.00
# Visual Studio Version 17
VisualStudioVersion = 17.0.31903.59
MinimumVisualStudioVersion = 10.0.40219.1
Project("{2150E333-8FDC-42A3-9474-1A3956D46DE8}") = "src", "src", "{C59702C6-6A94-4479-B3A3-6206E0284AB5}"
EndProject
Project("{9A19103F-16F7-4668-BE54-9A1E7A4F7556}") = "ProfHeat.Core", "src\ProfHeat.Core\ProfHeat.Core.csproj", "{C9F1AA1D-7E62-4825-9260-D5DC43BFE3F0}"
EndProject
Project("{9A19103F-16F7-4668-BE54-9A1E7A4F7556}") = "ProfHeat.DAL", "src\ProfHeat.DAL\ProfHeat.DAL.csproj", "{389B7C43-C58A-4BF8-B8F5-CEC6DBAEB9AE}"
EndProject
Project("{2150E333-8FDC-42A3-9474-1A3956D46DE8}") = "tests", "tests", "{ADCB7536-7DB9-4B9B-9B17-363EFBF13FC1}"
EndProject
Project("{9A19103F-16F7-4668-BE54-9A1E7A4F7556}") = "ProfHeat.Core.Tests", "tests\ProfHeat.Core.Tests\ProfHeat.Core.Tests.csproj", "{1A88B9B5-4A04-4F71-8ADB-0ABB5D2DBEB4}"
EndProject
Project("{9A19103F-16F7-4668-BE54-9A1E7A4F7556}") = "ProfHeat.DAL.Tests", "tests\ProfHeat.DAL.Tests\ProfHeat.DAL.Tests.csproj", "{919CACF8-BF61-43A4-A378-06CEA27FF722}"
EndProject
Project("{9A19103F-16F7-4668-BE54-9A1E7A4F7556}") = "ProfHeat.AUI", "src\ProfHeat.AUI\ProfHeat.AUI.csproj", "{D3C6FE5E-CEF1-4A30-8F3B-1E20FC18E273}"
EndProject
Project("{FAE04EC0-301F-11D3-BF4B-00C04F79EFBC}") = "ProfHeat.AUI.Tests", "tests\ProfHeat.AUI.Tests\ProfHeat.AUI.Tests.csproj", "{5664AC86-5CC9-46FA-ABAC-653AA323323D}"
EndProject
Project("{2150E333-8FDC-42A3-9474-1A3956D46DE8}") = "Solution Items", "Solution Items", "{E9DF8A9F-468A-43A8-8074-5068082EA682}"
	ProjectSection(SolutionItems) = preProject
		.editorconfig = .editorconfig
		.gitignore = .gitignore
		CODE_OF_CONDUCT.md = CODE_OF_CONDUCT.md
		global.json = global.json
		LICENSE = LICENSE
		OpenCode.vbs = OpenCode.vbs
		README.md = README.md
	EndProjectSection
EndProject
Global
	GlobalSection(SolutionConfigurationPlatforms) = preSolution
		Debug|Any CPU = Debug|Any CPU
		Release|Any CPU = Release|Any CPU
	EndGlobalSection
	GlobalSection(ProjectConfigurationPlatforms) = postSolution
		{C9F1AA1D-7E62-4825-9260-D5DC43BFE3F0}.Debug|Any CPU.ActiveCfg = Debug|Any CPU
		{C9F1AA1D-7E62-4825-9260-D5DC43BFE3F0}.Debug|Any CPU.Build.0 = Debug|Any CPU
		{C9F1AA1D-7E62-4825-9260-D5DC43BFE3F0}.Release|Any CPU.ActiveCfg = Release|Any CPU
		{C9F1AA1D-7E62-4825-9260-D5DC43BFE3F0}.Release|Any CPU.Build.0 = Release|Any CPU
		{389B7C43-C58A-4BF8-B8F5-CEC6DBAEB9AE}.Debug|Any CPU.ActiveCfg = Debug|Any CPU
		{389B7C43-C58A-4BF8-B8F5-CEC6DBAEB9AE}.Debug|Any CPU.Build.0 = Debug|Any CPU
		{389B7C43-C58A-4BF8-B8F5-CEC6DBAEB9AE}.Release|Any CPU.ActiveCfg = Release|Any CPU
		{389B7C43-C58A-4BF8-B8F5-CEC6DBAEB9AE}.Release|Any CPU.Build.0 = Release|Any CPU
		{1A88B9B5-4A04-4F71-8ADB-0ABB5D2DBEB4}.Debug|Any CPU.ActiveCfg = Debug|Any CPU
		{1A88B9B5-4A04-4F71-8ADB-0ABB5D2DBEB4}.Debug|Any CPU.Build.0 = Debug|Any CPU
		{1A88B9B5-4A04-4F71-8ADB-0ABB5D2DBEB4}.Release|Any CPU.ActiveCfg = Release|Any CPU
		{1A88B9B5-4A04-4F71-8ADB-0ABB5D2DBEB4}.Release|Any CPU.Build.0 = Release|Any CPU
		{919CACF8-BF61-43A4-A378-06CEA27FF722}.Debug|Any CPU.ActiveCfg = Debug|Any CPU
		{919CACF8-BF61-43A4-A378-06CEA27FF722}.Debug|Any CPU.Build.0 = Debug|Any CPU
		{919CACF8-BF61-43A4-A378-06CEA27FF722}.Release|Any CPU.ActiveCfg = Release|Any CPU
		{919CACF8-BF61-43A4-A378-06CEA27FF722}.Release|Any CPU.Build.0 = Release|Any CPU
		{D3C6FE5E-CEF1-4A30-8F3B-1E20FC18E273}.Debug|Any CPU.ActiveCfg = Debug|Any CPU
		{D3C6FE5E-CEF1-4A30-8F3B-1E20FC18E273}.Debug|Any CPU.Build.0 = Debug|Any CPU
		{D3C6FE5E-CEF1-4A30-8F3B-1E20FC18E273}.Release|Any CPU.ActiveCfg = Release|Any CPU
		{D3C6FE5E-CEF1-4A30-8F3B-1E20FC18E273}.Release|Any CPU.Build.0 = Release|Any CPU
		{5664AC86-5CC9-46FA-ABAC-653AA323323D}.Debug|Any CPU.ActiveCfg = Debug|Any CPU
		{5664AC86-5CC9-46FA-ABAC-653AA323323D}.Debug|Any CPU.Build.0 = Debug|Any CPU
		{5664AC86-5CC9-46FA-ABAC-653AA323323D}.Release|Any CPU.ActiveCfg = Release|Any CPU
		{5664AC86-5CC9-46FA-ABAC-653AA323323D}.Release|Any CPU.Build.0 = Release|Any CPU
	EndGlobalSection
	GlobalSection(SolutionProperties) = preSolution
		HideSolutionNode = FALSE
	EndGlobalSection
	GlobalSection(NestedProjects) = preSolution
		{C9F1AA1D-7E62-4825-9260-D5DC43BFE3F0} = {C59702C6-6A94-4479-B3A3-6206E0284AB5}
		{389B7C43-C58A-4BF8-B8F5-CEC6DBAEB9AE} = {C59702C6-6A94-4479-B3A3-6206E0284AB5}
		{1A88B9B5-4A04-4F71-8ADB-0ABB5D2DBEB4} = {ADCB7536-7DB9-4B9B-9B17-363EFBF13FC1}
		{919CACF8-BF61-43A4-A378-06CEA27FF722} = {ADCB7536-7DB9-4B9B-9B17-363EFBF13FC1}
		{D3C6FE5E-CEF1-4A30-8F3B-1E20FC18E273} = {C59702C6-6A94-4479-B3A3-6206E0284AB5}
		{5664AC86-5CC9-46FA-ABAC-653AA323323D} = {ADCB7536-7DB9-4B9B-9B17-363EFBF13FC1}
	EndGlobalSection
	GlobalSection(ExtensibilityGlobals) = postSolution
		SolutionGuid = {DE9BDBD1-12F9-4D20-9699-9B3ED3F4AA9B}
	EndGlobalSection
EndGlobal
